
Microsoft Visual Studio Solution File, Format Version 12.00
Project("{FAE04EC0-301F-11D3-BF4B-00C04F79EFBC}") = "GGCSharp", "GGCSharp.csproj", "{33730C89-3797-471D-9CCD-B8B152ED790A}"
EndProject
Global
	GlobalSection(SolutionConfigurationPlatforms) = preSolution
		Debug|Any CPU = Debug|Any CPU
		Release|Any CPU = Release|Any CPU
	EndGlobalSection
	GlobalSection(ProjectConfigurationPlatforms) = postSolution
		{33730C89-3797-471D-9CCD-B8B152ED790A}.Debug|Any CPU.ActiveCfg = Debug|Any CPU
		{33730C89-3797-471D-9CCD-B8B152ED790A}.Debug|Any CPU.Build.0 = Debug|Any CPU
		{33730C89-3797-471D-9CCD-B8B152ED790A}.Release|Any CPU.ActiveCfg = Release|Any CPU
		{33730C89-3797-471D-9CCD-B8B152ED790A}.Release|Any CPU.Build.0 = Release|Any CPU
	EndGlobalSection
EndGlobal
